{
  "name": "verify-self-service",
  "requires": true,
  "lockfileVersion": 1,
  "dependencies": {
    "govuk-frontend": {
      "version": "2.5.1",
      "resolved": "https://registry.npmjs.org/govuk-frontend/-/govuk-frontend-2.5.1.tgz",
      "integrity": "sha512-DDi1HGRTNRH/UmqOYACOR01V+aae36pnHHf5/g08spscJO5AazA/BQTenlNm8WFJ4UAeikb1TrCbgGWJE4Vypw=="
    }
  }
}
